
Microsoft Visual Studio Solution File, Format Version 12.00
# Visual Studio 2013
VisualStudioVersion = 12.0.21005.1
MinimumVisualStudioVersion = 10.0.40219.1
Project("{FAE04EC0-301F-11D3-BF4B-00C04F79EFBC}") = "WF_DGV", "WF_DGV\WF_DGV.csproj", "{A75D2D5B-3AFD-489C-8C70-21D46D1FA13D}"
EndProject
Global
	GlobalSection(SolutionConfigurationPlatforms) = preSolution
		Debug|Any CPU = Debug|Any CPU
		Release|Any CPU = Release|Any CPU
	EndGlobalSection
	GlobalSection(ProjectConfigurationPlatforms) = postSolution
		{A75D2D5B-3AFD-489C-8C70-21D46D1FA13D}.Debug|Any CPU.ActiveCfg = Debug|Any CPU
		{A75D2D5B-3AFD-489C-8C70-21D46D1FA13D}.Debug|Any CPU.Build.0 = Debug|Any CPU
		{A75D2D5B-3AFD-489C-8C70-21D46D1FA13D}.Release|Any CPU.ActiveCfg = Release|Any CPU
		{A75D2D5B-3AFD-489C-8C70-21D46D1FA13D}.Release|Any CPU.Build.0 = Release|Any CPU
	EndGlobalSection
	GlobalSection(SolutionProperties) = preSolution
		HideSolutionNode = FALSE
	EndGlobalSection
EndGlobal
